
Microsoft Visual Studio Solution File, Format Version 12.00
# Visual Studio 14
VisualStudioVersion = 14.0.24720.0
MinimumVisualStudioVersion = 10.0.40219.1
Project("{8BC9CEB8-8B4A-11D0-8D11-00A0C91BC942}") = "271A", "271A\271A.vcxproj", "{9634C02D-F25C-4AE6-B85D-AB1E57B5ACE8}"
EndProject
Global
	GlobalSection(SolutionConfigurationPlatforms) = preSolution
		Debug|x64 = Debug|x64
		Debug|x86 = Debug|x86
		Release|x64 = Release|x64
		Release|x86 = Release|x86
	EndGlobalSection
	GlobalSection(ProjectConfigurationPlatforms) = postSolution
		{9634C02D-F25C-4AE6-B85D-AB1E57B5ACE8}.Debug|x64.ActiveCfg = Debug|x64
		{9634C02D-F25C-4AE6-B85D-AB1E57B5ACE8}.Debug|x64.Build.0 = Debug|x64
		{9634C02D-F25C-4AE6-B85D-AB1E57B5ACE8}.Debug|x86.ActiveCfg = Debug|Win32
		{9634C02D-F25C-4AE6-B85D-AB1E57B5ACE8}.Debug|x86.Build.0 = Debug|Win32
		{9634C02D-F25C-4AE6-B85D-AB1E57B5ACE8}.Release|x64.ActiveCfg = Release|x64
		{9634C02D-F25C-4AE6-B85D-AB1E57B5ACE8}.Release|x64.Build.0 = Release|x64
		{9634C02D-F25C-4AE6-B85D-AB1E57B5ACE8}.Release|x86.ActiveCfg = Release|Win32
		{9634C02D-F25C-4AE6-B85D-AB1E57B5ACE8}.Release|x86.Build.0 = Release|Win32
	EndGlobalSection
	GlobalSection(SolutionProperties) = preSolution
		HideSolutionNode = FALSE
	EndGlobalSection
EndGlobal
